
Microsoft Visual Studio Solution File, Format Version 12.00
# Visual Studio Version 16
VisualStudioVersion = 16.0.30309.148
MinimumVisualStudioVersion = 10.0.40219.1
Project("{FAE04EC0-301F-11D3-BF4B-00C04F79EFBC}") = "atanims_sv", "AT-Anims[Client-Server]\alanims_sv\atanims_sv.csproj", "{18C7761C-6D53-4F16-B39A-4E71B390C708}"
EndProject
Project("{FAE04EC0-301F-11D3-BF4B-00C04F79EFBC}") = "atanims_cl", "AT-Anims[Client-Server]\atanims_cl\atanims_cl.csproj", "{AC74C2B9-72C7-4CE1-B40E-71B63D640AB2}"
EndProject
Global
	GlobalSection(SolutionConfigurationPlatforms) = preSolution
		Debug|Any CPU = Debug|Any CPU
		Release|Any CPU = Release|Any CPU
	EndGlobalSection
	GlobalSection(ProjectConfigurationPlatforms) = postSolution
		{18C7761C-6D53-4F16-B39A-4E71B390C708}.Debug|Any CPU.ActiveCfg = Debug|Any CPU
		{18C7761C-6D53-4F16-B39A-4E71B390C708}.Debug|Any CPU.Build.0 = Debug|Any CPU
		{18C7761C-6D53-4F16-B39A-4E71B390C708}.Release|Any CPU.ActiveCfg = Release|Any CPU
		{18C7761C-6D53-4F16-B39A-4E71B390C708}.Release|Any CPU.Build.0 = Release|Any CPU
		{AC74C2B9-72C7-4CE1-B40E-71B63D640AB2}.Debug|Any CPU.ActiveCfg = Debug|Any CPU
		{AC74C2B9-72C7-4CE1-B40E-71B63D640AB2}.Debug|Any CPU.Build.0 = Debug|Any CPU
		{AC74C2B9-72C7-4CE1-B40E-71B63D640AB2}.Release|Any CPU.ActiveCfg = Release|Any CPU
		{AC74C2B9-72C7-4CE1-B40E-71B63D640AB2}.Release|Any CPU.Build.0 = Release|Any CPU
	EndGlobalSection
	GlobalSection(SolutionProperties) = preSolution
		HideSolutionNode = FALSE
	EndGlobalSection
	GlobalSection(ExtensibilityGlobals) = postSolution
		SolutionGuid = {8B8486CA-21F0-4DA5-9116-09F21C00E545}
	EndGlobalSection
EndGlobal
